
Microsoft Visual Studio Solution File, Format Version 12.00
# Visual Studio Version 16
VisualStudioVersion = 16.0.29728.190
MinimumVisualStudioVersion = 10.0.40219.1
Project("{FAE04EC0-301F-11D3-BF4B-00C04F79EFBC}") = "Lab03_2", "Lab03_2\Lab03_2.csproj", "{64535A3A-30B6-4C51-8EF9-FC84AADC18EF}"
EndProject
Global
	GlobalSection(SolutionConfigurationPlatforms) = preSolution
		Debug|Any CPU = Debug|Any CPU
		Release|Any CPU = Release|Any CPU
	EndGlobalSection
	GlobalSection(ProjectConfigurationPlatforms) = postSolution
		{64535A3A-30B6-4C51-8EF9-FC84AADC18EF}.Debug|Any CPU.ActiveCfg = Debug|Any CPU
		{64535A3A-30B6-4C51-8EF9-FC84AADC18EF}.Debug|Any CPU.Build.0 = Debug|Any CPU
		{64535A3A-30B6-4C51-8EF9-FC84AADC18EF}.Release|Any CPU.ActiveCfg = Release|Any CPU
		{64535A3A-30B6-4C51-8EF9-FC84AADC18EF}.Release|Any CPU.Build.0 = Release|Any CPU
	EndGlobalSection
	GlobalSection(SolutionProperties) = preSolution
		HideSolutionNode = FALSE
	EndGlobalSection
	GlobalSection(ExtensibilityGlobals) = postSolution
		SolutionGuid = {BA6B1C41-9A1C-4DD3-AE2C-2589020DBFD9}
	EndGlobalSection
EndGlobal
